
Microsoft Visual Studio Solution File, Format Version 12.00
# Visual Studio Version 17
VisualStudioVersion = 17.8.34330.188
MinimumVisualStudioVersion = 10.0.40219.1
Project("{FAE04EC0-301F-11D3-BF4B-00C04F79EFBC}") = "beecrowd1071 (if, esle, for, impar)", "beecrowd1071\beecrowd1071 (if, esle, for, impar).csproj", "{ECDD2691-774B-47D2-AFB2-FB5A637EC139}"
EndProject
Project("{FAE04EC0-301F-11D3-BF4B-00C04F79EFBC}") = "beecrowd1067 (for, if, impar)", "beecrowd1067\beecrowd1067 (for, if, impar).csproj", "{23FCB6A5-DC46-4E93-998E-F135D28BD7CC}"
EndProject
Project("{FAE04EC0-301F-11D3-BF4B-00C04F79EFBC}") = "beecrowd1035 (vetor, if, else)", "beecrowd1035\beecrowd1035 (vetor, if, else).csproj", "{9B678F69-C177-400A-9E7E-807052753E57}"
EndProject
Project("{FAE04EC0-301F-11D3-BF4B-00C04F79EFBC}") = "beecrowd1037 (if, else if)", "beecrowd1037\beecrowd1037 (if, else if).csproj", "{900C67DE-BE92-491B-961A-AEE2EB194A57}"
EndProject
Project("{FAE04EC0-301F-11D3-BF4B-00C04F79EFBC}") = "beecrowd1038 (vetor, if, else if)", "beecrowd1038\beecrowd1038 (vetor, if, else if).csproj", "{B75765D4-7234-4FC9-B09F-5F8DA7E26645}"
EndProject
Project("{FAE04EC0-301F-11D3-BF4B-00C04F79EFBC}") = "beecrowd1040 (vetor, if else if, aprovação aluno)", "beecrowd1040\beecrowd1040 (vetor, if else if, aprovação aluno).csproj", "{3DC26927-A078-40D4-B7E1-53CE88B8F849}"
EndProject
Project("{FAE04EC0-301F-11D3-BF4B-00C04F79EFBC}") = "beecrowd1044 (if, else, multiplos ou nao)", "beecrowd1044\beecrowd1044 (if, else, multiplos ou nao).csproj", "{DE8C65E7-40C0-409A-A4FA-19504D036D2D}"
EndProject
Project("{FAE04EC0-301F-11D3-BF4B-00C04F79EFBC}") = "beecrowd1046 (vetor, if, else)", "beecrowd1046\beecrowd1046 (vetor, if, else).csproj", "{1F596961-F5C1-41B2-8603-FA91F6151DEA}"
EndProject
Project("{FAE04EC0-301F-11D3-BF4B-00C04F79EFBC}") = "beecrowd1048 (if, else if, logica salario)", "beecrowd1048\beecrowd1048 (if, else if, logica salario).csproj", "{E5F20ED7-A16E-47AF-A50D-876D275CB2F2}"
EndProject
Project("{FAE04EC0-301F-11D3-BF4B-00C04F79EFBC}") = "beecrowd1114 (while, validação de senha)", "beecrowd1114\beecrowd1114 (while, validação de senha).csproj", "{1146A282-C6FA-402B-932F-8AD39FECAA91}"
EndProject
Project("{FAE04EC0-301F-11D3-BF4B-00C04F79EFBC}") = "beecrowd1115 (while, if, else if)", "beecrowd1115\beecrowd1115 (while, if, else if).csproj", "{568DCD40-99C7-4F00-8711-26ABF44523C9}"
EndProject
Project("{FAE04EC0-301F-11D3-BF4B-00C04F79EFBC}") = "beecrowd1117 (while, nota)", "beecrowd1117\beecrowd1117 (while, nota).csproj", "{A664C640-32F9-4618-8F84-8141E277C039}"
EndProject
Project("{FAE04EC0-301F-11D3-BF4B-00C04F79EFBC}") = "beecrowd1134 (while, if, else if)", "beecrowd1134\beecrowd1134 (while, if, else if).csproj", "{E56225E1-2CF4-4152-90C9-28E04DAC908D}"
EndProject
Project("{FAE04EC0-301F-11D3-BF4B-00C04F79EFBC}") = "beecrowd1154 (while)", "beecrowd1154\beecrowd1154 (while).csproj", "{55E6ACEA-B823-4032-BCC2-1CFC9653A173}"
EndProject
Project("{2150E333-8FDC-42A3-9474-1A3956D46DE8}") = "beecrowd", "beecrowd", "{86A59810-3142-40B5-837F-65CC07D618CB}"
EndProject
Project("{FAE04EC0-301F-11D3-BF4B-00C04F79EFBC}") = "exercicio 1.1 prova", "desafios\exercicio 1.1 prova.csproj", "{1F4874F6-247E-4C11-A83F-AACE30219BA0}"
EndProject
Project("{2150E333-8FDC-42A3-9474-1A3956D46DE8}") = "desafios", "desafios", "{2836AA4C-9183-4E44-89E3-7536DA74EBE4}"
EndProject
Project("{FAE04EC0-301F-11D3-BF4B-00C04F79EFBC}") = "exercicio 1.2 prova", "exercicio 1.2\exercicio 1.2 prova.csproj", "{FEDC5ACC-27F3-4D0A-A231-E9E3BFB33455}"
EndProject
Project("{FAE04EC0-301F-11D3-BF4B-00C04F79EFBC}") = "exercicio 2.1 prova (beecrowd 1038)", "exercicio 2.1 prova\exercicio 2.1 prova (beecrowd 1038).csproj", "{98EAB16D-4848-4191-A74C-F5AA65DFF37B}"
EndProject
Project("{FAE04EC0-301F-11D3-BF4B-00C04F79EFBC}") = "exercicio 2.2 prova (beecrowd 1036)", "exercicio 2.2 prova\exercicio 2.2 prova (beecrowd 1036).csproj", "{9371F2ED-0650-4A26-A46E-BCAE1D5C0F6D}"
EndProject
Project("{FAE04EC0-301F-11D3-BF4B-00C04F79EFBC}") = "exercicio 3.1 prova (beecrowd 1114)", "exercicio 3.1 prova\exercicio 3.1 prova (beecrowd 1114).csproj", "{C98BAF3C-9236-4883-8DAE-B46C001E833F}"
EndProject
Project("{FAE04EC0-301F-11D3-BF4B-00C04F79EFBC}") = "exercicio 3.2 prova", "exercicio 3.2 prova\exercicio 3.2 prova.csproj", "{7F647495-3511-4D6C-9CBA-6E8A51A32D95}"
EndProject
Project("{FAE04EC0-301F-11D3-BF4B-00C04F79EFBC}") = "ExercicioFixacao1", "ExercicioFixacao1\ExercicioFixacao1.csproj", "{2E0A4B7D-0FAE-467B-917E-20FB6B63E906}"
EndProject
Project("{FAE04EC0-301F-11D3-BF4B-00C04F79EFBC}") = "beecrowd1072 (for, if, else)", "beecrowd1072\beecrowd1072 (for, if, else).csproj", "{76C7F105-2CA7-45FC-8FC2-58CF33B3561E}"
EndProject
Project("{FAE04EC0-301F-11D3-BF4B-00C04F79EFBC}") = "beecrowd1079 (vetor, media ponderada)", "beecrowd1079\beecrowd1079 (vetor, media ponderada).csproj", "{6A720396-987E-443F-910B-85F1233DDCF6}"
EndProject
Project("{FAE04EC0-301F-11D3-BF4B-00C04F79EFBC}") = "beecrowd1116 (vetor, for, if, else, denominador 0)", "beecrowd1116\beecrowd1116 (vetor, for, if, else, denominador 0).csproj", "{15904CD8-F6AF-4D31-93DF-36F0B9DEE1B9}"
EndProject
Project("{FAE04EC0-301F-11D3-BF4B-00C04F79EFBC}") = "beecrowd1143 (for, potenciacao)", "beecrowd1143\beecrowd1143 (for, potenciacao).csproj", "{C2358897-0F2B-49B7-8E7A-8CA7939430D4}"
EndProject
Project("{FAE04EC0-301F-11D3-BF4B-00C04F79EFBC}") = "beecrowd1153 (for, fatorial)", "beecrowd1153\beecrowd1153 (for, fatorial).csproj", "{4C8E825D-28AD-40E0-98BA-4C4E2ADE74B0}"
EndProject
Project("{FAE04EC0-301F-11D3-BF4B-00C04F79EFBC}") = "beecrowd1157 (for, if, divisores)", "beecrowd1157\beecrowd1157 (for, if, divisores).csproj", "{B39FD4DA-F9DA-4BE3-A42F-415F490D12AB}"
EndProject
Project("{FAE04EC0-301F-11D3-BF4B-00C04F79EFBC}") = "FuncionarioPOO", "FuncionarioPOO\FuncionarioPOO.csproj", "{AC4675AF-800B-45D1-AF05-30EDC6EA304E}"
EndProject
Project("{FAE04EC0-301F-11D3-BF4B-00C04F79EFBC}") = "PessoaPOO", "PessoaPOO\PessoaPOO.csproj", "{507F84D5-33C5-403E-8785-E4A15ABC593F}"
EndProject
Project("{FAE04EC0-301F-11D3-BF4B-00C04F79EFBC}") = "TrianguloPOO", "TrianguloPOO\TrianguloPOO.csproj", "{6D55FA4E-16AC-4F71-B406-96E5FA6BADD9}"
EndProject
Project("{2150E333-8FDC-42A3-9474-1A3956D46DE8}") = "ProvaAprovarCurso", "ProvaAprovarCurso", "{80F3D073-52A0-46EB-8B96-7F7DDD002F51}"
EndProject
Project("{2150E333-8FDC-42A3-9474-1A3956D46DE8}") = "ProgramacaoOrientadaAObjetos", "ProgramacaoOrientadaAObjetos", "{27A90D64-8FEF-4E81-9ED0-2099E9A7795A}"
EndProject
Project("{2150E333-8FDC-42A3-9474-1A3956D46DE8}") = "EstruturaIF-ELSE", "EstruturaIF-ELSE", "{C3F67F5E-AB20-4ED2-9366-25B4D3A955F0}"
EndProject
Project("{FAE04EC0-301F-11D3-BF4B-00C04F79EFBC}") = "Exercicio1", "Exercicio1\Exercicio1.csproj", "{7813C4E0-485B-4958-8ABC-647B2E7A69C0}"
EndProject
Project("{FAE04EC0-301F-11D3-BF4B-00C04F79EFBC}") = "Exercicio2", "Exercicio2\Exercicio2.csproj", "{23E1ADC8-E93B-4842-86EA-7890C3A38A57}"
EndProject
Project("{FAE04EC0-301F-11D3-BF4B-00C04F79EFBC}") = "Exercicio3", "Exercicio3\Exercicio3.csproj", "{578B19F4-89C6-4FB7-AE18-83F033D2B2F3}"
EndProject
Project("{FAE04EC0-301F-11D3-BF4B-00C04F79EFBC}") = "Exercicio4", "Exercicio4\Exercicio4.csproj", "{6C1A0664-E306-49EB-9FBA-FC8C751380E8}"
EndProject
Project("{FAE04EC0-301F-11D3-BF4B-00C04F79EFBC}") = "Exercicio5", "Exercicio5\Exercicio5.csproj", "{811E629E-C0AA-48F6-B951-777C5D709F3A}"
EndProject
Project("{FAE04EC0-301F-11D3-BF4B-00C04F79EFBC}") = "ControleDeEstoquePOO", "ControleDeEstoque\ControleDeEstoquePOO.csproj", "{6881D4E0-7D06-4F3C-A830-553F8BAA7E0A}"
EndProject
Project("{FAE04EC0-301F-11D3-BF4B-00C04F79EFBC}") = "ObjetosComBancoDeDados", "ObjetosComBancoDeDados\ObjetosComBancoDeDados.csproj", "{7DEB4799-80DE-4500-9AFF-63AA562B7DAE}"
EndProject
Project("{FAE04EC0-301F-11D3-BF4B-00C04F79EFBC}") = "Ex1", "Ex1\Ex1.csproj", "{3E39E97C-2683-4FEC-AE08-4198DACD4549}"
EndProject
Project("{FAE04EC0-301F-11D3-BF4B-00C04F79EFBC}") = "Ex2", "Ex2\Ex2.csproj", "{C9C53D85-0A04-4641-B2ED-F3D82F6E2FA1}"
EndProject
Project("{FAE04EC0-301F-11D3-BF4B-00C04F79EFBC}") = "Ex3MembrosEstaticos", "Ex3MembrosEstaticos\Ex3MembrosEstaticos.csproj", "{C47100DE-B63A-4FE9-B121-6C39F11E3BA9}"
EndProject
Project("{FAE04EC0-301F-11D3-BF4B-00C04F79EFBC}") = "ControleDeEstoquePOO_Encapsulamento", "ControleDeEstoquePOO_Encapsulamento\ControleDeEstoquePOO_Encapsulamento.csproj", "{98F22979-4B5A-435F-B2D3-B5E731FFDB41}"
EndProject
Project("{FAE04EC0-301F-11D3-BF4B-00C04F79EFBC}") = "Ex4Fixacao", "Ex4Fixacao\Ex4Fixacao.csproj", "{22B36A09-F40E-4C07-8D3A-A19BD08F8664}"
EndProject
Project("{FAE04EC0-301F-11D3-BF4B-00C04F79EFBC}") = "Ex5Vetores", "Ex5Vetores\Ex5Vetores.csproj", "{738CE204-42E9-476F-A666-D15C33EF6ECC}"
EndProject
Project("{FAE04EC0-301F-11D3-BF4B-00C04F79EFBC}") = "Listas", "Listas\Listas.csproj", "{41CF58DD-CD48-4F7A-A992-B360D6955C8B}"
EndProject
Project("{FAE04EC0-301F-11D3-BF4B-00C04F79EFBC}") = "Listas2", "Listas2\Listas2.csproj", "{6799EE10-62E0-49B0-B7C4-B0C89B6B493F}"
EndProject
Project("{FAE04EC0-301F-11D3-BF4B-00C04F79EFBC}") = "MatrizDiagonal", "MatrizDiagonal\MatrizDiagonal.csproj", "{2FEBFB41-6200-4F30-8D2C-CCD25647257B}"
EndProject
Project("{2150E333-8FDC-42A3-9474-1A3956D46DE8}") = "Enums&Composicao", "Enums&Composicao", "{0C859084-DAED-4830-8CBB-4303111FAC61}"
EndProject
Project("{FAE04EC0-301F-11D3-BF4B-00C04F79EFBC}") = "PedidoEnum", "PedidoEnum\PedidoEnum.csproj", "{F3DBAA4D-DC9A-4CD9-9322-706AE8280B63}"
EndProject
Project("{FAE04EC0-301F-11D3-BF4B-00C04F79EFBC}") = "WorkerProje", "WorkerProje\WorkerProje.csproj", "{1B3D541F-7D6B-46BD-95A9-EB79E5816716}"
EndProject
Project("{FAE04EC0-301F-11D3-BF4B-00C04F79EFBC}") = "PostComents", "PostComents\PostComents.csproj", "{6D300F33-1002-4E52-8483-F9C66E629BE0}"
EndProject
Project("{FAE04EC0-301F-11D3-BF4B-00C04F79EFBC}") = "ExFixacao", "ExFixacao\ExFixacao.csproj", "{E2FD11F5-8FDA-4583-8169-8B1774A66DDD}"
EndProject
Global
	GlobalSection(SolutionConfigurationPlatforms) = preSolution
		Debug|Any CPU = Debug|Any CPU
		Release|Any CPU = Release|Any CPU
	EndGlobalSection
	GlobalSection(ProjectConfigurationPlatforms) = postSolution
		{ECDD2691-774B-47D2-AFB2-FB5A637EC139}.Debug|Any CPU.ActiveCfg = Debug|Any CPU
		{ECDD2691-774B-47D2-AFB2-FB5A637EC139}.Debug|Any CPU.Build.0 = Debug|Any CPU
		{ECDD2691-774B-47D2-AFB2-FB5A637EC139}.Release|Any CPU.ActiveCfg = Release|Any CPU
		{ECDD2691-774B-47D2-AFB2-FB5A637EC139}.Release|Any CPU.Build.0 = Release|Any CPU
		{23FCB6A5-DC46-4E93-998E-F135D28BD7CC}.Debug|Any CPU.ActiveCfg = Debug|Any CPU
		{23FCB6A5-DC46-4E93-998E-F135D28BD7CC}.Debug|Any CPU.Build.0 = Debug|Any CPU
		{23FCB6A5-DC46-4E93-998E-F135D28BD7CC}.Release|Any CPU.ActiveCfg = Release|Any CPU
		{23FCB6A5-DC46-4E93-998E-F135D28BD7CC}.Release|Any CPU.Build.0 = Release|Any CPU
		{9B678F69-C177-400A-9E7E-807052753E57}.Debug|Any CPU.ActiveCfg = Debug|Any CPU
		{9B678F69-C177-400A-9E7E-807052753E57}.Debug|Any CPU.Build.0 = Debug|Any CPU
		{9B678F69-C177-400A-9E7E-807052753E57}.Release|Any CPU.ActiveCfg = Release|Any CPU
		{9B678F69-C177-400A-9E7E-807052753E57}.Release|Any CPU.Build.0 = Release|Any CPU
		{900C67DE-BE92-491B-961A-AEE2EB194A57}.Debug|Any CPU.ActiveCfg = Debug|Any CPU
		{900C67DE-BE92-491B-961A-AEE2EB194A57}.Debug|Any CPU.Build.0 = Debug|Any CPU
		{900C67DE-BE92-491B-961A-AEE2EB194A57}.Release|Any CPU.ActiveCfg = Release|Any CPU
		{900C67DE-BE92-491B-961A-AEE2EB194A57}.Release|Any CPU.Build.0 = Release|Any CPU
		{B75765D4-7234-4FC9-B09F-5F8DA7E26645}.Debug|Any CPU.ActiveCfg = Debug|Any CPU
		{B75765D4-7234-4FC9-B09F-5F8DA7E26645}.Debug|Any CPU.Build.0 = Debug|Any CPU
		{B75765D4-7234-4FC9-B09F-5F8DA7E26645}.Release|Any CPU.ActiveCfg = Release|Any CPU
		{B75765D4-7234-4FC9-B09F-5F8DA7E26645}.Release|Any CPU.Build.0 = Release|Any CPU
		{3DC26927-A078-40D4-B7E1-53CE88B8F849}.Debug|Any CPU.ActiveCfg = Debug|Any CPU
		{3DC26927-A078-40D4-B7E1-53CE88B8F849}.Debug|Any CPU.Build.0 = Debug|Any CPU
		{3DC26927-A078-40D4-B7E1-53CE88B8F849}.Release|Any CPU.ActiveCfg = Release|Any CPU
		{3DC26927-A078-40D4-B7E1-53CE88B8F849}.Release|Any CPU.Build.0 = Release|Any CPU
		{DE8C65E7-40C0-409A-A4FA-19504D036D2D}.Debug|Any CPU.ActiveCfg = Debug|Any CPU
		{DE8C65E7-40C0-409A-A4FA-19504D036D2D}.Debug|Any CPU.Build.0 = Debug|Any CPU
		{DE8C65E7-40C0-409A-A4FA-19504D036D2D}.Release|Any CPU.ActiveCfg = Release|Any CPU
		{DE8C65E7-40C0-409A-A4FA-19504D036D2D}.Release|Any CPU.Build.0 = Release|Any CPU
		{1F596961-F5C1-41B2-8603-FA91F6151DEA}.Debug|Any CPU.ActiveCfg = Debug|Any CPU
		{1F596961-F5C1-41B2-8603-FA91F6151DEA}.Debug|Any CPU.Build.0 = Debug|Any CPU
		{1F596961-F5C1-41B2-8603-FA91F6151DEA}.Release|Any CPU.ActiveCfg = Release|Any CPU
		{1F596961-F5C1-41B2-8603-FA91F6151DEA}.Release|Any CPU.Build.0 = Release|Any CPU
		{E5F20ED7-A16E-47AF-A50D-876D275CB2F2}.Debug|Any CPU.ActiveCfg = Debug|Any CPU
		{E5F20ED7-A16E-47AF-A50D-876D275CB2F2}.Debug|Any CPU.Build.0 = Debug|Any CPU
		{E5F20ED7-A16E-47AF-A50D-876D275CB2F2}.Release|Any CPU.ActiveCfg = Release|Any CPU
		{E5F20ED7-A16E-47AF-A50D-876D275CB2F2}.Release|Any CPU.Build.0 = Release|Any CPU
		{1146A282-C6FA-402B-932F-8AD39FECAA91}.Debug|Any CPU.ActiveCfg = Debug|Any CPU
		{1146A282-C6FA-402B-932F-8AD39FECAA91}.Debug|Any CPU.Build.0 = Debug|Any CPU
		{1146A282-C6FA-402B-932F-8AD39FECAA91}.Release|Any CPU.ActiveCfg = Release|Any CPU
		{1146A282-C6FA-402B-932F-8AD39FECAA91}.Release|Any CPU.Build.0 = Release|Any CPU
		{568DCD40-99C7-4F00-8711-26ABF44523C9}.Debug|Any CPU.ActiveCfg = Debug|Any CPU
		{568DCD40-99C7-4F00-8711-26ABF44523C9}.Debug|Any CPU.Build.0 = Debug|Any CPU
		{568DCD40-99C7-4F00-8711-26ABF44523C9}.Release|Any CPU.ActiveCfg = Release|Any CPU
		{568DCD40-99C7-4F00-8711-26ABF44523C9}.Release|Any CPU.Build.0 = Release|Any CPU
		{A664C640-32F9-4618-8F84-8141E277C039}.Debug|Any CPU.ActiveCfg = Debug|Any CPU
		{A664C640-32F9-4618-8F84-8141E277C039}.Debug|Any CPU.Build.0 = Debug|Any CPU
		{A664C640-32F9-4618-8F84-8141E277C039}.Release|Any CPU.ActiveCfg = Release|Any CPU
		{A664C640-32F9-4618-8F84-8141E277C039}.Release|Any CPU.Build.0 = Release|Any CPU
		{E56225E1-2CF4-4152-90C9-28E04DAC908D}.Debug|Any CPU.ActiveCfg = Debug|Any CPU
		{E56225E1-2CF4-4152-90C9-28E04DAC908D}.Debug|Any CPU.Build.0 = Debug|Any CPU
		{E56225E1-2CF4-4152-90C9-28E04DAC908D}.Release|Any CPU.ActiveCfg = Release|Any CPU
		{E56225E1-2CF4-4152-90C9-28E04DAC908D}.Release|Any CPU.Build.0 = Release|Any CPU
		{55E6ACEA-B823-4032-BCC2-1CFC9653A173}.Debug|Any CPU.ActiveCfg = Debug|Any CPU
		{55E6ACEA-B823-4032-BCC2-1CFC9653A173}.Debug|Any CPU.Build.0 = Debug|Any CPU
		{55E6ACEA-B823-4032-BCC2-1CFC9653A173}.Release|Any CPU.ActiveCfg = Release|Any CPU
		{55E6ACEA-B823-4032-BCC2-1CFC9653A173}.Release|Any CPU.Build.0 = Release|Any CPU
		{1F4874F6-247E-4C11-A83F-AACE30219BA0}.Debug|Any CPU.ActiveCfg = Debug|Any CPU
		{1F4874F6-247E-4C11-A83F-AACE30219BA0}.Debug|Any CPU.Build.0 = Debug|Any CPU
		{1F4874F6-247E-4C11-A83F-AACE30219BA0}.Release|Any CPU.ActiveCfg = Release|Any CPU
		{1F4874F6-247E-4C11-A83F-AACE30219BA0}.Release|Any CPU.Build.0 = Release|Any CPU
		{FEDC5ACC-27F3-4D0A-A231-E9E3BFB33455}.Debug|Any CPU.ActiveCfg = Debug|Any CPU
		{FEDC5ACC-27F3-4D0A-A231-E9E3BFB33455}.Debug|Any CPU.Build.0 = Debug|Any CPU
		{FEDC5ACC-27F3-4D0A-A231-E9E3BFB33455}.Release|Any CPU.ActiveCfg = Release|Any CPU
		{FEDC5ACC-27F3-4D0A-A231-E9E3BFB33455}.Release|Any CPU.Build.0 = Release|Any CPU
		{98EAB16D-4848-4191-A74C-F5AA65DFF37B}.Debug|Any CPU.ActiveCfg = Debug|Any CPU
		{98EAB16D-4848-4191-A74C-F5AA65DFF37B}.Debug|Any CPU.Build.0 = Debug|Any CPU
		{98EAB16D-4848-4191-A74C-F5AA65DFF37B}.Release|Any CPU.ActiveCfg = Release|Any CPU
		{98EAB16D-4848-4191-A74C-F5AA65DFF37B}.Release|Any CPU.Build.0 = Release|Any CPU
		{9371F2ED-0650-4A26-A46E-BCAE1D5C0F6D}.Debug|Any CPU.ActiveCfg = Debug|Any CPU
		{9371F2ED-0650-4A26-A46E-BCAE1D5C0F6D}.Debug|Any CPU.Build.0 = Debug|Any CPU
		{9371F2ED-0650-4A26-A46E-BCAE1D5C0F6D}.Release|Any CPU.ActiveCfg = Release|Any CPU
		{9371F2ED-0650-4A26-A46E-BCAE1D5C0F6D}.Release|Any CPU.Build.0 = Release|Any CPU
		{C98BAF3C-9236-4883-8DAE-B46C001E833F}.Debug|Any CPU.ActiveCfg = Debug|Any CPU
		{C98BAF3C-9236-4883-8DAE-B46C001E833F}.Debug|Any CPU.Build.0 = Debug|Any CPU
		{C98BAF3C-9236-4883-8DAE-B46C001E833F}.Release|Any CPU.ActiveCfg = Release|Any CPU
		{C98BAF3C-9236-4883-8DAE-B46C001E833F}.Release|Any CPU.Build.0 = Release|Any CPU
		{7F647495-3511-4D6C-9CBA-6E8A51A32D95}.Debug|Any CPU.ActiveCfg = Debug|Any CPU
		{7F647495-3511-4D6C-9CBA-6E8A51A32D95}.Debug|Any CPU.Build.0 = Debug|Any CPU
		{7F647495-3511-4D6C-9CBA-6E8A51A32D95}.Release|Any CPU.ActiveCfg = Release|Any CPU
		{7F647495-3511-4D6C-9CBA-6E8A51A32D95}.Release|Any CPU.Build.0 = Release|Any CPU
		{2E0A4B7D-0FAE-467B-917E-20FB6B63E906}.Debug|Any CPU.ActiveCfg = Debug|Any CPU
		{2E0A4B7D-0FAE-467B-917E-20FB6B63E906}.Debug|Any CPU.Build.0 = Debug|Any CPU
		{2E0A4B7D-0FAE-467B-917E-20FB6B63E906}.Release|Any CPU.ActiveCfg = Release|Any CPU
		{2E0A4B7D-0FAE-467B-917E-20FB6B63E906}.Release|Any CPU.Build.0 = Release|Any CPU
		{76C7F105-2CA7-45FC-8FC2-58CF33B3561E}.Debug|Any CPU.ActiveCfg = Debug|Any CPU
		{76C7F105-2CA7-45FC-8FC2-58CF33B3561E}.Debug|Any CPU.Build.0 = Debug|Any CPU
		{76C7F105-2CA7-45FC-8FC2-58CF33B3561E}.Release|Any CPU.ActiveCfg = Release|Any CPU
		{76C7F105-2CA7-45FC-8FC2-58CF33B3561E}.Release|Any CPU.Build.0 = Release|Any CPU
		{6A720396-987E-443F-910B-85F1233DDCF6}.Debug|Any CPU.ActiveCfg = Debug|Any CPU
		{6A720396-987E-443F-910B-85F1233DDCF6}.Debug|Any CPU.Build.0 = Debug|Any CPU
		{6A720396-987E-443F-910B-85F1233DDCF6}.Release|Any CPU.ActiveCfg = Release|Any CPU
		{6A720396-987E-443F-910B-85F1233DDCF6}.Release|Any CPU.Build.0 = Release|Any CPU
		{15904CD8-F6AF-4D31-93DF-36F0B9DEE1B9}.Debug|Any CPU.ActiveCfg = Debug|Any CPU
		{15904CD8-F6AF-4D31-93DF-36F0B9DEE1B9}.Debug|Any CPU.Build.0 = Debug|Any CPU
		{15904CD8-F6AF-4D31-93DF-36F0B9DEE1B9}.Release|Any CPU.ActiveCfg = Release|Any CPU
		{15904CD8-F6AF-4D31-93DF-36F0B9DEE1B9}.Release|Any CPU.Build.0 = Release|Any CPU
		{C2358897-0F2B-49B7-8E7A-8CA7939430D4}.Debug|Any CPU.ActiveCfg = Debug|Any CPU
		{C2358897-0F2B-49B7-8E7A-8CA7939430D4}.Debug|Any CPU.Build.0 = Debug|Any CPU
		{C2358897-0F2B-49B7-8E7A-8CA7939430D4}.Release|Any CPU.ActiveCfg = Release|Any CPU
		{C2358897-0F2B-49B7-8E7A-8CA7939430D4}.Release|Any CPU.Build.0 = Release|Any CPU
		{4C8E825D-28AD-40E0-98BA-4C4E2ADE74B0}.Debug|Any CPU.ActiveCfg = Debug|Any CPU
		{4C8E825D-28AD-40E0-98BA-4C4E2ADE74B0}.Debug|Any CPU.Build.0 = Debug|Any CPU
		{4C8E825D-28AD-40E0-98BA-4C4E2ADE74B0}.Release|Any CPU.ActiveCfg = Release|Any CPU
		{4C8E825D-28AD-40E0-98BA-4C4E2ADE74B0}.Release|Any CPU.Build.0 = Release|Any CPU
		{B39FD4DA-F9DA-4BE3-A42F-415F490D12AB}.Debug|Any CPU.ActiveCfg = Debug|Any CPU
		{B39FD4DA-F9DA-4BE3-A42F-415F490D12AB}.Debug|Any CPU.Build.0 = Debug|Any CPU
		{B39FD4DA-F9DA-4BE3-A42F-415F490D12AB}.Release|Any CPU.ActiveCfg = Release|Any CPU
		{B39FD4DA-F9DA-4BE3-A42F-415F490D12AB}.Release|Any CPU.Build.0 = Release|Any CPU
		{AC4675AF-800B-45D1-AF05-30EDC6EA304E}.Debug|Any CPU.ActiveCfg = Debug|Any CPU
		{AC4675AF-800B-45D1-AF05-30EDC6EA304E}.Debug|Any CPU.Build.0 = Debug|Any CPU
		{AC4675AF-800B-45D1-AF05-30EDC6EA304E}.Release|Any CPU.ActiveCfg = Release|Any CPU
		{AC4675AF-800B-45D1-AF05-30EDC6EA304E}.Release|Any CPU.Build.0 = Release|Any CPU
		{507F84D5-33C5-403E-8785-E4A15ABC593F}.Debug|Any CPU.ActiveCfg = Debug|Any CPU
		{507F84D5-33C5-403E-8785-E4A15ABC593F}.Debug|Any CPU.Build.0 = Debug|Any CPU
		{507F84D5-33C5-403E-8785-E4A15ABC593F}.Release|Any CPU.ActiveCfg = Release|Any CPU
		{507F84D5-33C5-403E-8785-E4A15ABC593F}.Release|Any CPU.Build.0 = Release|Any CPU
		{6D55FA4E-16AC-4F71-B406-96E5FA6BADD9}.Debug|Any CPU.ActiveCfg = Debug|Any CPU
		{6D55FA4E-16AC-4F71-B406-96E5FA6BADD9}.Debug|Any CPU.Build.0 = Debug|Any CPU
		{6D55FA4E-16AC-4F71-B406-96E5FA6BADD9}.Release|Any CPU.ActiveCfg = Release|Any CPU
		{6D55FA4E-16AC-4F71-B406-96E5FA6BADD9}.Release|Any CPU.Build.0 = Release|Any CPU
		{7813C4E0-485B-4958-8ABC-647B2E7A69C0}.Debug|Any CPU.ActiveCfg = Debug|Any CPU
		{7813C4E0-485B-4958-8ABC-647B2E7A69C0}.Debug|Any CPU.Build.0 = Debug|Any CPU
		{7813C4E0-485B-4958-8ABC-647B2E7A69C0}.Release|Any CPU.ActiveCfg = Release|Any CPU
		{7813C4E0-485B-4958-8ABC-647B2E7A69C0}.Release|Any CPU.Build.0 = Release|Any CPU
		{23E1ADC8-E93B-4842-86EA-7890C3A38A57}.Debug|Any CPU.ActiveCfg = Debug|Any CPU
		{23E1ADC8-E93B-4842-86EA-7890C3A38A57}.Debug|Any CPU.Build.0 = Debug|Any CPU
		{23E1ADC8-E93B-4842-86EA-7890C3A38A57}.Release|Any CPU.ActiveCfg = Release|Any CPU
		{23E1ADC8-E93B-4842-86EA-7890C3A38A57}.Release|Any CPU.Build.0 = Release|Any CPU
		{578B19F4-89C6-4FB7-AE18-83F033D2B2F3}.Debug|Any CPU.ActiveCfg = Debug|Any CPU
		{578B19F4-89C6-4FB7-AE18-83F033D2B2F3}.Debug|Any CPU.Build.0 = Debug|Any CPU
		{578B19F4-89C6-4FB7-AE18-83F033D2B2F3}.Release|Any CPU.ActiveCfg = Release|Any CPU
		{578B19F4-89C6-4FB7-AE18-83F033D2B2F3}.Release|Any CPU.Build.0 = Release|Any CPU
		{6C1A0664-E306-49EB-9FBA-FC8C751380E8}.Debug|Any CPU.ActiveCfg = Debug|Any CPU
		{6C1A0664-E306-49EB-9FBA-FC8C751380E8}.Debug|Any CPU.Build.0 = Debug|Any CPU
		{6C1A0664-E306-49EB-9FBA-FC8C751380E8}.Release|Any CPU.ActiveCfg = Release|Any CPU
		{6C1A0664-E306-49EB-9FBA-FC8C751380E8}.Release|Any CPU.Build.0 = Release|Any CPU
		{811E629E-C0AA-48F6-B951-777C5D709F3A}.Debug|Any CPU.ActiveCfg = Debug|Any CPU
		{811E629E-C0AA-48F6-B951-777C5D709F3A}.Debug|Any CPU.Build.0 = Debug|Any CPU
		{811E629E-C0AA-48F6-B951-777C5D709F3A}.Release|Any CPU.ActiveCfg = Release|Any CPU
		{811E629E-C0AA-48F6-B951-777C5D709F3A}.Release|Any CPU.Build.0 = Release|Any CPU
		{6881D4E0-7D06-4F3C-A830-553F8BAA7E0A}.Debug|Any CPU.ActiveCfg = Debug|Any CPU
		{6881D4E0-7D06-4F3C-A830-553F8BAA7E0A}.Debug|Any CPU.Build.0 = Debug|Any CPU
		{6881D4E0-7D06-4F3C-A830-553F8BAA7E0A}.Release|Any CPU.ActiveCfg = Release|Any CPU
		{6881D4E0-7D06-4F3C-A830-553F8BAA7E0A}.Release|Any CPU.Build.0 = Release|Any CPU
		{7DEB4799-80DE-4500-9AFF-63AA562B7DAE}.Debug|Any CPU.ActiveCfg = Debug|Any CPU
		{7DEB4799-80DE-4500-9AFF-63AA562B7DAE}.Debug|Any CPU.Build.0 = Debug|Any CPU
		{7DEB4799-80DE-4500-9AFF-63AA562B7DAE}.Release|Any CPU.ActiveCfg = Release|Any CPU
		{7DEB4799-80DE-4500-9AFF-63AA562B7DAE}.Release|Any CPU.Build.0 = Release|Any CPU
		{3E39E97C-2683-4FEC-AE08-4198DACD4549}.Debug|Any CPU.ActiveCfg = Debug|Any CPU
		{3E39E97C-2683-4FEC-AE08-4198DACD4549}.Debug|Any CPU.Build.0 = Debug|Any CPU
		{3E39E97C-2683-4FEC-AE08-4198DACD4549}.Release|Any CPU.ActiveCfg = Release|Any CPU
		{3E39E97C-2683-4FEC-AE08-4198DACD4549}.Release|Any CPU.Build.0 = Release|Any CPU
		{C9C53D85-0A04-4641-B2ED-F3D82F6E2FA1}.Debug|Any CPU.ActiveCfg = Debug|Any CPU
		{C9C53D85-0A04-4641-B2ED-F3D82F6E2FA1}.Debug|Any CPU.Build.0 = Debug|Any CPU
		{C9C53D85-0A04-4641-B2ED-F3D82F6E2FA1}.Release|Any CPU.ActiveCfg = Release|Any CPU
		{C9C53D85-0A04-4641-B2ED-F3D82F6E2FA1}.Release|Any CPU.Build.0 = Release|Any CPU
		{C47100DE-B63A-4FE9-B121-6C39F11E3BA9}.Debug|Any CPU.ActiveCfg = Debug|Any CPU
		{C47100DE-B63A-4FE9-B121-6C39F11E3BA9}.Debug|Any CPU.Build.0 = Debug|Any CPU
		{C47100DE-B63A-4FE9-B121-6C39F11E3BA9}.Release|Any CPU.ActiveCfg = Release|Any CPU
		{C47100DE-B63A-4FE9-B121-6C39F11E3BA9}.Release|Any CPU.Build.0 = Release|Any CPU
		{98F22979-4B5A-435F-B2D3-B5E731FFDB41}.Debug|Any CPU.ActiveCfg = Debug|Any CPU
		{98F22979-4B5A-435F-B2D3-B5E731FFDB41}.Debug|Any CPU.Build.0 = Debug|Any CPU
		{98F22979-4B5A-435F-B2D3-B5E731FFDB41}.Release|Any CPU.ActiveCfg = Release|Any CPU
		{98F22979-4B5A-435F-B2D3-B5E731FFDB41}.Release|Any CPU.Build.0 = Release|Any CPU
		{22B36A09-F40E-4C07-8D3A-A19BD08F8664}.Debug|Any CPU.ActiveCfg = Debug|Any CPU
		{22B36A09-F40E-4C07-8D3A-A19BD08F8664}.Debug|Any CPU.Build.0 = Debug|Any CPU
		{22B36A09-F40E-4C07-8D3A-A19BD08F8664}.Release|Any CPU.ActiveCfg = Release|Any CPU
		{22B36A09-F40E-4C07-8D3A-A19BD08F8664}.Release|Any CPU.Build.0 = Release|Any CPU
		{738CE204-42E9-476F-A666-D15C33EF6ECC}.Debug|Any CPU.ActiveCfg = Debug|Any CPU
		{738CE204-42E9-476F-A666-D15C33EF6ECC}.Debug|Any CPU.Build.0 = Debug|Any CPU
		{738CE204-42E9-476F-A666-D15C33EF6ECC}.Release|Any CPU.ActiveCfg = Release|Any CPU
		{738CE204-42E9-476F-A666-D15C33EF6ECC}.Release|Any CPU.Build.0 = Release|Any CPU
		{41CF58DD-CD48-4F7A-A992-B360D6955C8B}.Debug|Any CPU.ActiveCfg = Debug|Any CPU
		{41CF58DD-CD48-4F7A-A992-B360D6955C8B}.Debug|Any CPU.Build.0 = Debug|Any CPU
		{41CF58DD-CD48-4F7A-A992-B360D6955C8B}.Release|Any CPU.ActiveCfg = Release|Any CPU
		{41CF58DD-CD48-4F7A-A992-B360D6955C8B}.Release|Any CPU.Build.0 = Release|Any CPU
		{6799EE10-62E0-49B0-B7C4-B0C89B6B493F}.Debug|Any CPU.ActiveCfg = Debug|Any CPU
		{6799EE10-62E0-49B0-B7C4-B0C89B6B493F}.Debug|Any CPU.Build.0 = Debug|Any CPU
		{6799EE10-62E0-49B0-B7C4-B0C89B6B493F}.Release|Any CPU.ActiveCfg = Release|Any CPU
		{6799EE10-62E0-49B0-B7C4-B0C89B6B493F}.Release|Any CPU.Build.0 = Release|Any CPU
		{2FEBFB41-6200-4F30-8D2C-CCD25647257B}.Debug|Any CPU.ActiveCfg = Debug|Any CPU
		{2FEBFB41-6200-4F30-8D2C-CCD25647257B}.Debug|Any CPU.Build.0 = Debug|Any CPU
		{2FEBFB41-6200-4F30-8D2C-CCD25647257B}.Release|Any CPU.ActiveCfg = Release|Any CPU
		{2FEBFB41-6200-4F30-8D2C-CCD25647257B}.Release|Any CPU.Build.0 = Release|Any CPU
		{F3DBAA4D-DC9A-4CD9-9322-706AE8280B63}.Debug|Any CPU.ActiveCfg = Debug|Any CPU
		{F3DBAA4D-DC9A-4CD9-9322-706AE8280B63}.Debug|Any CPU.Build.0 = Debug|Any CPU
		{F3DBAA4D-DC9A-4CD9-9322-706AE8280B63}.Release|Any CPU.ActiveCfg = Release|Any CPU
		{F3DBAA4D-DC9A-4CD9-9322-706AE8280B63}.Release|Any CPU.Build.0 = Release|Any CPU
		{1B3D541F-7D6B-46BD-95A9-EB79E5816716}.Debug|Any CPU.ActiveCfg = Debug|Any CPU
		{1B3D541F-7D6B-46BD-95A9-EB79E5816716}.Debug|Any CPU.Build.0 = Debug|Any CPU
		{1B3D541F-7D6B-46BD-95A9-EB79E5816716}.Release|Any CPU.ActiveCfg = Release|Any CPU
		{1B3D541F-7D6B-46BD-95A9-EB79E5816716}.Release|Any CPU.Build.0 = Release|Any CPU
		{6D300F33-1002-4E52-8483-F9C66E629BE0}.Debug|Any CPU.ActiveCfg = Debug|Any CPU
		{6D300F33-1002-4E52-8483-F9C66E629BE0}.Debug|Any CPU.Build.0 = Debug|Any CPU
		{6D300F33-1002-4E52-8483-F9C66E629BE0}.Release|Any CPU.ActiveCfg = Release|Any CPU
		{6D300F33-1002-4E52-8483-F9C66E629BE0}.Release|Any CPU.Build.0 = Release|Any CPU
		{E2FD11F5-8FDA-4583-8169-8B1774A66DDD}.Debug|Any CPU.ActiveCfg = Debug|Any CPU
		{E2FD11F5-8FDA-4583-8169-8B1774A66DDD}.Debug|Any CPU.Build.0 = Debug|Any CPU
		{E2FD11F5-8FDA-4583-8169-8B1774A66DDD}.Release|Any CPU.ActiveCfg = Release|Any CPU
		{E2FD11F5-8FDA-4583-8169-8B1774A66DDD}.Release|Any CPU.Build.0 = Release|Any CPU
	EndGlobalSection
	GlobalSection(SolutionProperties) = preSolution
		HideSolutionNode = FALSE
	EndGlobalSection
	GlobalSection(NestedProjects) = preSolution
		{ECDD2691-774B-47D2-AFB2-FB5A637EC139} = {86A59810-3142-40B5-837F-65CC07D618CB}
		{23FCB6A5-DC46-4E93-998E-F135D28BD7CC} = {86A59810-3142-40B5-837F-65CC07D618CB}
		{9B678F69-C177-400A-9E7E-807052753E57} = {86A59810-3142-40B5-837F-65CC07D618CB}
		{900C67DE-BE92-491B-961A-AEE2EB194A57} = {86A59810-3142-40B5-837F-65CC07D618CB}
		{B75765D4-7234-4FC9-B09F-5F8DA7E26645} = {86A59810-3142-40B5-837F-65CC07D618CB}
		{3DC26927-A078-40D4-B7E1-53CE88B8F849} = {86A59810-3142-40B5-837F-65CC07D618CB}
		{DE8C65E7-40C0-409A-A4FA-19504D036D2D} = {86A59810-3142-40B5-837F-65CC07D618CB}
		{1F596961-F5C1-41B2-8603-FA91F6151DEA} = {86A59810-3142-40B5-837F-65CC07D618CB}
		{E5F20ED7-A16E-47AF-A50D-876D275CB2F2} = {86A59810-3142-40B5-837F-65CC07D618CB}
		{1146A282-C6FA-402B-932F-8AD39FECAA91} = {86A59810-3142-40B5-837F-65CC07D618CB}
		{568DCD40-99C7-4F00-8711-26ABF44523C9} = {86A59810-3142-40B5-837F-65CC07D618CB}
		{A664C640-32F9-4618-8F84-8141E277C039} = {86A59810-3142-40B5-837F-65CC07D618CB}
		{E56225E1-2CF4-4152-90C9-28E04DAC908D} = {86A59810-3142-40B5-837F-65CC07D618CB}
		{55E6ACEA-B823-4032-BCC2-1CFC9653A173} = {86A59810-3142-40B5-837F-65CC07D618CB}
		{1F4874F6-247E-4C11-A83F-AACE30219BA0} = {80F3D073-52A0-46EB-8B96-7F7DDD002F51}
		{FEDC5ACC-27F3-4D0A-A231-E9E3BFB33455} = {80F3D073-52A0-46EB-8B96-7F7DDD002F51}
		{98EAB16D-4848-4191-A74C-F5AA65DFF37B} = {80F3D073-52A0-46EB-8B96-7F7DDD002F51}
		{9371F2ED-0650-4A26-A46E-BCAE1D5C0F6D} = {80F3D073-52A0-46EB-8B96-7F7DDD002F51}
		{C98BAF3C-9236-4883-8DAE-B46C001E833F} = {80F3D073-52A0-46EB-8B96-7F7DDD002F51}
		{7F647495-3511-4D6C-9CBA-6E8A51A32D95} = {80F3D073-52A0-46EB-8B96-7F7DDD002F51}
		{2E0A4B7D-0FAE-467B-917E-20FB6B63E906} = {80F3D073-52A0-46EB-8B96-7F7DDD002F51}
		{76C7F105-2CA7-45FC-8FC2-58CF33B3561E} = {86A59810-3142-40B5-837F-65CC07D618CB}
		{6A720396-987E-443F-910B-85F1233DDCF6} = {86A59810-3142-40B5-837F-65CC07D618CB}
		{15904CD8-F6AF-4D31-93DF-36F0B9DEE1B9} = {86A59810-3142-40B5-837F-65CC07D618CB}
		{C2358897-0F2B-49B7-8E7A-8CA7939430D4} = {86A59810-3142-40B5-837F-65CC07D618CB}
		{4C8E825D-28AD-40E0-98BA-4C4E2ADE74B0} = {86A59810-3142-40B5-837F-65CC07D618CB}
		{B39FD4DA-F9DA-4BE3-A42F-415F490D12AB} = {86A59810-3142-40B5-837F-65CC07D618CB}
		{AC4675AF-800B-45D1-AF05-30EDC6EA304E} = {27A90D64-8FEF-4E81-9ED0-2099E9A7795A}
		{507F84D5-33C5-403E-8785-E4A15ABC593F} = {27A90D64-8FEF-4E81-9ED0-2099E9A7795A}
		{6D55FA4E-16AC-4F71-B406-96E5FA6BADD9} = {27A90D64-8FEF-4E81-9ED0-2099E9A7795A}
		{80F3D073-52A0-46EB-8B96-7F7DDD002F51} = {2836AA4C-9183-4E44-89E3-7536DA74EBE4}
		{27A90D64-8FEF-4E81-9ED0-2099E9A7795A} = {2836AA4C-9183-4E44-89E3-7536DA74EBE4}
		{C3F67F5E-AB20-4ED2-9366-25B4D3A955F0} = {2836AA4C-9183-4E44-89E3-7536DA74EBE4}
		{7813C4E0-485B-4958-8ABC-647B2E7A69C0} = {C3F67F5E-AB20-4ED2-9366-25B4D3A955F0}
		{23E1ADC8-E93B-4842-86EA-7890C3A38A57} = {C3F67F5E-AB20-4ED2-9366-25B4D3A955F0}
		{578B19F4-89C6-4FB7-AE18-83F033D2B2F3} = {C3F67F5E-AB20-4ED2-9366-25B4D3A955F0}
		{6C1A0664-E306-49EB-9FBA-FC8C751380E8} = {C3F67F5E-AB20-4ED2-9366-25B4D3A955F0}
		{811E629E-C0AA-48F6-B951-777C5D709F3A} = {C3F67F5E-AB20-4ED2-9366-25B4D3A955F0}
		{6881D4E0-7D06-4F3C-A830-553F8BAA7E0A} = {27A90D64-8FEF-4E81-9ED0-2099E9A7795A}
		{7DEB4799-80DE-4500-9AFF-63AA562B7DAE} = {27A90D64-8FEF-4E81-9ED0-2099E9A7795A}
		{3E39E97C-2683-4FEC-AE08-4198DACD4549} = {27A90D64-8FEF-4E81-9ED0-2099E9A7795A}
		{C9C53D85-0A04-4641-B2ED-F3D82F6E2FA1} = {27A90D64-8FEF-4E81-9ED0-2099E9A7795A}
		{C47100DE-B63A-4FE9-B121-6C39F11E3BA9} = {27A90D64-8FEF-4E81-9ED0-2099E9A7795A}
		{98F22979-4B5A-435F-B2D3-B5E731FFDB41} = {27A90D64-8FEF-4E81-9ED0-2099E9A7795A}
		{22B36A09-F40E-4C07-8D3A-A19BD08F8664} = {27A90D64-8FEF-4E81-9ED0-2099E9A7795A}
		{738CE204-42E9-476F-A666-D15C33EF6ECC} = {27A90D64-8FEF-4E81-9ED0-2099E9A7795A}
		{41CF58DD-CD48-4F7A-A992-B360D6955C8B} = {27A90D64-8FEF-4E81-9ED0-2099E9A7795A}
		{6799EE10-62E0-49B0-B7C4-B0C89B6B493F} = {27A90D64-8FEF-4E81-9ED0-2099E9A7795A}
		{2FEBFB41-6200-4F30-8D2C-CCD25647257B} = {27A90D64-8FEF-4E81-9ED0-2099E9A7795A}
		{0C859084-DAED-4830-8CBB-4303111FAC61} = {2836AA4C-9183-4E44-89E3-7536DA74EBE4}
		{F3DBAA4D-DC9A-4CD9-9322-706AE8280B63} = {0C859084-DAED-4830-8CBB-4303111FAC61}
		{1B3D541F-7D6B-46BD-95A9-EB79E5816716} = {0C859084-DAED-4830-8CBB-4303111FAC61}
		{6D300F33-1002-4E52-8483-F9C66E629BE0} = {0C859084-DAED-4830-8CBB-4303111FAC61}
		{E2FD11F5-8FDA-4583-8169-8B1774A66DDD} = {0C859084-DAED-4830-8CBB-4303111FAC61}
	EndGlobalSection
	GlobalSection(ExtensibilityGlobals) = postSolution
		SolutionGuid = {1BDF677B-E3CB-4E0B-87A0-8A51FDAD282D}
	EndGlobalSection
EndGlobal
